// !$*UTF8*$!
{
	archiveVersion = 1;
	classes = {
	};
	objectVersion = 50;
	objects = {

/* Begin PBXBuildFile section */
		F60CD3DE246629790065BAB7 /* AppDelegate.swift in Sources */ = {isa = PBXBuildFile; fileRef = F60CD3DD246629790065BAB7 /* AppDelegate.swift */; };
		F60CD3E0246629790065BAB7 /* SceneDelegate.swift in Sources */ = {isa = PBXBuildFile; fileRef = F60CD3DF246629790065BAB7 /* SceneDelegate.swift */; };
		F60CD3E2246629790065BAB7 /* ViewController.swift in Sources */ = {isa = PBXBuildFile; fileRef = F60CD3E1246629790065BAB7 /* ViewController.swift */; };
		F60CD3E72466297B0065BAB7 /* Assets.xcassets in Resources */ = {isa = PBXBuildFile; fileRef = F60CD3E62466297B0065BAB7 /* Assets.xcassets */; };
		F60CD3F224662ADF0065BAB7 /* ExtensionString.swift in Sources */ = {isa = PBXBuildFile; fileRef = F60CD3F124662ADF0065BAB7 /* ExtensionString.swift */; };
		F60CD40524662FD00065BAB7 /* LaunchScreen.storyboard in Resources */ = {isa = PBXBuildFile; fileRef = F60CD40424662FD00065BAB7 /* LaunchScreen.storyboard */; };
		F60CD406246631360065BAB7 /* Main.storyboard in Resources */ = {isa = PBXBuildFile; fileRef = F60CD408246631360065BAB7 /* Main.storyboard */; };
		F60CD40E246633390065BAB7 /* Localizable.strings in Resources */ = {isa = PBXBuildFile; fileRef = F60CD410246633390065BAB7 /* Localizable.strings */; };
		F60CD415246636A20065BAB7 /* InfoPlist.strings in Resources */ = {isa = PBXBuildFile; fileRef = F60CD417246636A20065BAB7 /* InfoPlist.strings */; };
		F60CD41B2466373E0065BAB7 /* Enum.swift in Sources */ = {isa = PBXBuildFile; fileRef = F60CD41A2466373E0065BAB7 /* Enum.swift */; };
		F60CD41C246637A60065BAB7 /* LocalizationSystem.swift in Sources */ = {isa = PBXBuildFile; fileRef = F60CD4192466372D0065BAB7 /* LocalizationSystem.swift */; };
/* End PBXBuildFile section */

/* Begin PBXFileReference section */
		F60CD3DA246629790065BAB7 /* MultiLanguage.app */ = {isa = PBXFileReference; explicitFileType = wrapper.application; includeInIndex = 0; path = MultiLanguage.app; sourceTree = BUILT_PRODUCTS_DIR; };
		F60CD3DD246629790065BAB7 /* AppDelegate.swift */ = {isa = PBXFileReference; lastKnownFileType = sourcecode.swift; path = AppDelegate.swift; sourceTree = "<group>"; };
		F60CD3DF246629790065BAB7 /* SceneDelegate.swift */ = {isa = PBXFileReference; lastKnownFileType = sourcecode.swift; path = SceneDelegate.swift; sourceTree = "<group>"; };
		F60CD3E1246629790065BAB7 /* ViewController.swift */ = {isa = PBXFileReference; lastKnownFileType = sourcecode.swift; path = ViewController.swift; sourceTree = "<group>"; };
		F60CD3E62466297B0065BAB7 /* Assets.xcassets */ = {isa = PBXFileReference; lastKnownFileType = folder.assetcatalog; path = Assets.xcassets; sourceTree = "<group>"; };
		F60CD3EB2466297B0065BAB7 /* Info.plist */ = {isa = PBXFileReference; lastKnownFileType = text.plist.xml; path = Info.plist; sourceTree = "<group>"; };
		F60CD3F124662ADF0065BAB7 /* ExtensionString.swift */ = {isa = PBXFileReference; fileEncoding = 4; lastKnownFileType = sourcecode.swift; path = ExtensionString.swift; sourceTree = "<group>"; };
		F60CD40424662FD00065BAB7 /* LaunchScreen.storyboard */ = {isa = PBXFileReference; fileEncoding = 4; lastKnownFileType = file.storyboard; path = LaunchScreen.storyboard; sourceTree = "<group>"; };
		F60CD40A2466313E0065BAB7 /* fa-IR */ = {isa = PBXFileReference; lastKnownFileType = text.plist.strings; name = "fa-IR"; path = "fa-IR.lproj/Main.strings"; sourceTree = "<group>"; };
		F60CD40B2466315D0065BAB7 /* Base */ = {isa = PBXFileReference; lastKnownFileType = file.storyboard; name = Base; path = Base.lproj/Main.storyboard; sourceTree = "<group>"; };
		F60CD40F246633390065BAB7 /* fa-IR */ = {isa = PBXFileReference; lastKnownFileType = text.plist.strings; name = "fa-IR"; path = "fa-IR.lproj/Localizable.strings"; sourceTree = "<group>"; };
		F60CD4112466333D0065BAB7 /* en */ = {isa = PBXFileReference; lastKnownFileType = text.plist.strings; name = en; path = en.lproj/Localizable.strings; sourceTree = "<group>"; };
		F60CD416246636A20065BAB7 /* en */ = {isa = PBXFileReference; lastKnownFileType = text.plist.strings; name = en; path = en.lproj/InfoPlist.strings; sourceTree = "<group>"; };
		F60CD418246636A60065BAB7 /* fa-IR */ = {isa = PBXFileReference; lastKnownFileType = text.plist.strings; name = "fa-IR"; path = "fa-IR.lproj/InfoPlist.strings"; sourceTree = "<group>"; };
		F60CD4192466372D0065BAB7 /* LocalizationSystem.swift */ = {isa = PBXFileReference; lastKnownFileType = sourcecode.swift; path = LocalizationSystem.swift; sourceTree = "<group>"; };
		F60CD41A2466373E0065BAB7 /* Enum.swift */ = {isa = PBXFileReference; lastKnownFileType = sourcecode.swift; path = Enum.swift; sourceTree = "<group>"; };
/* End PBXFileReference section */

/* Begin PBXFrameworksBuildPhase section */
		F60CD3D7246629790065BAB7 /* Frameworks */ = {
			isa = PBXFrameworksBuildPhase;
			buildActionMask = 2147483647;
			files = (
			);
			runOnlyForDeploymentPostprocessing = 0;
		};
/* End PBXFrameworksBuildPhase section */

/* Begin PBXGroup section */
		F60CD3D1246629790065BAB7 = {
			isa = PBXGroup;
			children = (
				F60CD3DC246629790065BAB7 /* MultiLanguage */,
				F60CD3DB246629790065BAB7 /* Products */,
			);
			sourceTree = "<group>";
		};
		F60CD3DB246629790065BAB7 /* Products */ = {
			isa = PBXGroup;
			children = (
				F60CD3DA246629790065BAB7 /* MultiLanguage.app */,
			);
			name = Products;
			sourceTree = "<group>";
		};
		F60CD3DC246629790065BAB7 /* MultiLanguage */ = {
			isa = PBXGroup;
			children = (
				F60CD3DD246629790065BAB7 /* AppDelegate.swift */,
				F60CD3DF246629790065BAB7 /* SceneDelegate.swift */,
				F60CD41E24663F140065BAB7 /* Extension */,
				F60CD3F324662BE80065BAB7 /* Language */,
				F60CD3E1246629790065BAB7 /* ViewController.swift */,
				F60CD408246631360065BAB7 /* Main.storyboard */,
				F60CD3E62466297B0065BAB7 /* Assets.xcassets */,
				F60CD40424662FD00065BAB7 /* LaunchScreen.storyboard */,
				F60CD3EB2466297B0065BAB7 /* Info.plist */,
			);
			path = MultiLanguage;
			sourceTree = "<group>";
		};
		F60CD3F324662BE80065BAB7 /* Language */ = {
			isa = PBXGroup;
			children = (
				F60CD417246636A20065BAB7 /* InfoPlist.strings */,
				F60CD410246633390065BAB7 /* Localizable.strings */,
			);
			path = Language;
			sourceTree = "<group>";
		};
		F60CD41E24663F140065BAB7 /* Extension */ = {
			isa = PBXGroup;
			children = (
				F60CD3F124662ADF0065BAB7 /* ExtensionString.swift */,
				F60CD41A2466373E0065BAB7 /* Enum.swift */,
				F60CD4192466372D0065BAB7 /* LocalizationSystem.swift */,
			);
			path = Extension;
			sourceTree = "<group>";
		};
/* End PBXGroup section */

/* Begin PBXNativeTarget section */
		F60CD3D9246629790065BAB7 /* MultiLanguage */ = {
			isa = PBXNativeTarget;
			buildConfigurationList = F60CD3EE2466297B0065BAB7 /* Build configuration list for PBXNativeTarget "MultiLanguage" */;
			buildPhases = (
				F60CD3D6246629790065BAB7 /* Sources */,
				F60CD3D7246629790065BAB7 /* Frameworks */,
				F60CD3D8246629790065BAB7 /* Resources */,
			);
			buildRules = (
			);
			dependencies = (
			);
			name = MultiLanguage;
			productName = MultiLanguage;
			productReference = F60CD3DA246629790065BAB7 /* MultiLanguage.app */;
			productType = "com.apple.product-type.application";
		};
/* End PBXNativeTarget section */

/* Begin PBXProject section */
		F60CD3D2246629790065BAB7 /* Project object */ = {
			isa = PBXProject;
			attributes = {
				LastSwiftUpdateCheck = 1140;
				LastUpgradeCheck = 1140;
				ORGANIZATIONNAME = "Alireza Moradi";
				TargetAttributes = {
					F60CD3D9246629790065BAB7 = {
						CreatedOnToolsVersion = 11.4.1;
					};
				};
			};
			buildConfigurationList = F60CD3D5246629790065BAB7 /* Build configuration list for PBXProject "MultiLanguage" */;
			compatibilityVersion = "Xcode 9.3";
			developmentRegion = en;
			hasScannedForEncodings = 0;
			knownRegions = (
				en,
				Base,
				"fa-IR",
			);
			mainGroup = F60CD3D1246629790065BAB7;
			productRefGroup = F60CD3DB246629790065BAB7 /* Products */;
			projectDirPath = "";
			projectRoot = "";
			targets = (
				F60CD3D9246629790065BAB7 /* MultiLanguage */,
			);
		};
/* End PBXProject section */

/* Begin PBXResourcesBuildPhase section */
		F60CD3D8246629790065BAB7 /* Resources */ = {
			isa = PBXResourcesBuildPhase;
			buildActionMask = 2147483647;
			files = (
				F60CD40E246633390065BAB7 /* Localizable.strings in Resources */,
				F60CD40524662FD00065BAB7 /* LaunchScreen.storyboard in Resources */,
				F60CD3E72466297B0065BAB7 /* Assets.xcassets in Resources */,
				F60CD406246631360065BAB7 /* Main.storyboard in Resources */,
				F60CD415246636A20065BAB7 /* InfoPlist.strings in Resources */,
			);
			runOnlyForDeploymentPostprocessing = 0;
		};
/* End PBXResourcesBuildPhase section */

/* Begin PBXSourcesBuildPhase section */
		F60CD3D6246629790065BAB7 /* Sources */ = {
			isa = PBXSourcesBuildPhase;
			buildActionMask = 2147483647;
			files = (
				F60CD3F224662ADF0065BAB7 /* ExtensionString.swift in Sources */,
				F60CD3E2246629790065BAB7 /* ViewController.swift in Sources */,
				F60CD3DE246629790065BAB7 /* AppDelegate.swift in Sources */,
				F60CD41C246637A60065BAB7 /* LocalizationSystem.swift in Sources */,
				F60CD41B2466373E0065BAB7 /* Enum.swift in Sources */,
				F60CD3E0246629790065BAB7 /* SceneDelegate.swift in Sources */,
			);
			runOnlyForDeploymentPostprocessing = 0;
		};
/* End PBXSourcesBuildPhase section */

/* Begin PBXVariantGroup section */
		F60CD408246631360065BAB7 /* Main.storyboard */ = {
			isa = PBXVariantGroup;
			children = (
				F60CD40A2466313E0065BAB7 /* fa-IR */,
				F60CD40B2466315D0065BAB7 /* Base */,
			);
			name = Main.storyboard;
			sourceTree = "<group>";
		};
		F60CD410246633390065BAB7 /* Localizable.strings */ = {
			isa = PBXVariantGroup;
			children = (
				F60CD40F246633390065BAB7 /* fa-IR */,
				F60CD4112466333D0065BAB7 /* en */,
			);
			name = Localizable.strings;
			sourceTree = "<group>";
		};
		F60CD417246636A20065BAB7 /* InfoPlist.strings */ = {
			isa = PBXVariantGroup;
			children = (
				F60CD416246636A20065BAB7 /* en */,
				F60CD418246636A60065BAB7 /* fa-IR */,
			);
			name = InfoPlist.strings;
			sourceTree = "<group>";
		};
/* End PBXVariantGroup section */

/* Begin XCBuildConfiguration section */
		F60CD3EC2466297B0065BAB7 /* Debug */ = {
			isa = XCBuildConfiguration;
			buildSettings = {
				ALWAYS_SEARCH_USER_PATHS = NO;
				CLANG_ANALYZER_NONNULL = YES;
				CLANG_ANALYZER_NUMBER_OBJECT_CONVERSION = YES_AGGRESSIVE;
				CLANG_CXX_LANGUAGE_STANDARD = "gnu++14";
				CLANG_CXX_LIBRARY = "libc++";
				CLANG_ENABLE_MODULES = YES;
				CLANG_ENABLE_OBJC_ARC = YES;
				CLANG_ENABLE_OBJC_WEAK = YES;
				CLANG_WARN_BLOCK_CAPTURE_AUTORELEASING = YES;
				CLANG_WARN_BOOL_CONVERSION = YES;
				CLANG_WARN_COMMA = YES;
				CLANG_WARN_CONSTANT_CONVERSION = YES;
				CLANG_WARN_DEPRECATED_OBJC_IMPLEMENTATIONS = YES;
				CLANG_WARN_DIRECT_OBJC_ISA_USAGE = YES_ERROR;
				CLANG_WARN_DOCUMENTATION_COMMENTS = YES;
				CLANG_WARN_EMPTY_BODY = YES;
				CLANG_WARN_ENUM_CONVERSION = YES;
				CLANG_WARN_INFINITE_RECURSION = YES;
				CLANG_WARN_INT_CONVERSION = YES;
				CLANG_WARN_NON_LITERAL_NULL_CONVERSION = YES;
				CLANG_WARN_OBJC_IMPLICIT_RETAIN_SELF = YES;
				CLANG_WARN_OBJC_LITERAL_CONVERSION = YES;
				CLANG_WARN_OBJC_ROOT_CLASS = YES_ERROR;
				CLANG_WARN_RANGE_LOOP_ANALYSIS = YES;
				CLANG_WARN_STRICT_PROTOTYPES = YES;
				CLANG_WARN_SUSPICIOUS_MOVE = YES;
				CLANG_WARN_UNGUARDED_AVAILABILITY = YES_AGGRESSIVE;
				CLANG_WARN_UNREACHABLE_CODE = YES;
				CLANG_WARN__DUPLICATE_METHOD_MATCH = YES;
				COPY_PHASE_STRIP = NO;
				DEBUG_INFORMATION_FORMAT = dwarf;
				ENABLE_STRICT_OBJC_MSGSEND = YES;
				ENABLE_TESTABILITY = YES;
				GCC_C_LANGUAGE_STANDARD = gnu11;
				GCC_DYNAMIC_NO_PIC = NO;
				GCC_NO_COMMON_BLOCKS = YES;
				GCC_OPTIMIZATION_LEVEL = 0;
				GCC_PREPROCESSOR_DEFINITIONS = (
					"DEBUG=1",
					"$(inherited)",
				);
				GCC_WARN_64_TO_32_BIT_CONVERSION = YES;
				GCC_WARN_ABOUT_RETURN_TYPE = YES_ERROR;
				GCC_WARN_UNDECLARED_SELECTOR = YES;
				GCC_WARN_UNINITIALIZED_AUTOS = YES_AGGRESSIVE;
				GCC_WARN_UNUSED_FUNCTION = YES;
				GCC_WARN_UNUSED_VARIABLE = YES;
				IPHONEOS_DEPLOYMENT_TARGET = 13.4;
				MTL_ENABLE_DEBUG_INFO = INCLUDE_SOURCE;
				MTL_FAST_MATH = YES;
				ONLY_ACTIVE_ARCH = YES;
				SDKROOT = iphoneos;
				SWIFT_ACTIVE_COMPILATION_CONDITIONS = DEBUG;
				SWIFT_OPTIMIZATION_LEVEL = "-Onone";
			};
			name = Debug;
		};
		F60CD3ED2466297B0065BAB7 /* Release */ = {
			isa = XCBuildConfiguration;
			buildSettings = {
				ALWAYS_SEARCH_USER_PATHS = NO;
				CLANG_ANALYZER_NONNULL = YES;
				CLANG_ANALYZER_NUMBER_OBJECT_CONVERSION = YES_AGGRESSIVE;
				CLANG_CXX_LANGUAGE_STANDARD = "gnu++14";
				CLANG_CXX_LIBRARY = "libc++";
				CLANG_ENABLE_MODULES = YES;
				CLANG_ENABLE_OBJC_ARC = YES;
				CLANG_ENABLE_OBJC_WEAK = YES;
				CLANG_WARN_BLOCK_CAPTURE_AUTORELEASING = YES;
				CLANG_WARN_BOOL_CONVERSION = YES;
				CLANG_WARN_COMMA = YES;
				CLANG_WARN_CONSTANT_CONVERSION = YES;
				CLANG_WARN_DEPRECATED_OBJC_IMPLEMENTATIONS = YES;
				CLANG_WARN_DIRECT_OBJC_ISA_USAGE = YES_ERROR;
				CLANG_WARN_DOCUMENTATION_COMMENTS = YES;
				CLANG_WARN_EMPTY_BODY = YES;
				CLANG_WARN_ENUM_CONVERSION = YES;
				CLANG_WARN_INFINITE_RECURSION = YES;
				CLANG_WARN_INT_CONVERSION = YES;
				CLANG_WARN_NON_LITERAL_NULL_CONVERSION = YES;
				CLANG_WARN_OBJC_IMPLICIT_RETAIN_SELF = YES;
				CLANG_WARN_OBJC_LITERAL_CONVERSION = YES;
				CLANG_WARN_OBJC_ROOT_CLASS = YES_ERROR;
				CLANG_WARN_RANGE_LOOP_ANALYSIS = YES;
				CLANG_WARN_STRICT_PROTOTYPES = YES;
				CLANG_WARN_SUSPICIOUS_MOVE = YES;
				CLANG_WARN_UNGUARDED_AVAILABILITY = YES_AGGRESSIVE;
				CLANG_WARN_UNREACHABLE_CODE = YES;
				CLANG_WARN__DUPLICATE_METHOD_MATCH = YES;
				COPY_PHASE_STRIP = NO;
				DEBUG_INFORMATION_FORMAT = "dwarf-with-dsym";
				ENABLE_NS_ASSERTIONS = NO;
				ENABLE_STRICT_OBJC_MSGSEND = YES;
				GCC_C_LANGUAGE_STANDARD = gnu11;
				GCC_NO_COMMON_BLOCKS = YES;
				GCC_WARN_64_TO_32_BIT_CONVERSION = YES;
				GCC_WARN_ABOUT_RETURN_TYPE = YES_ERROR;
				GCC_WARN_UNDECLARED_SELECTOR = YES;
				GCC_WARN_UNINITIALIZED_AUTOS = YES_AGGRESSIVE;
				GCC_WARN_UNUSED_FUNCTION = YES;
				GCC_WARN_UNUSED_VARIABLE = YES;
				IPHONEOS_DEPLOYMENT_TARGET = 13.4;
				MTL_ENABLE_DEBUG_INFO = NO;
				MTL_FAST_MATH = YES;
				SDKROOT = iphoneos;
				SWIFT_COMPILATION_MODE = wholemodule;
				SWIFT_OPTIMIZATION_LEVEL = "-O";
				VALIDATE_PRODUCT = YES;
			};
			name = Release;
		};
		F60CD3EF2466297B0065BAB7 /* Debug */ = {
			isa = XCBuildConfiguration;
			buildSettings = {
				ASSETCATALOG_COMPILER_APPICON_NAME = AppIcon;
				CODE_SIGN_STYLE = Automatic;
				INFOPLIST_FILE = MultiLanguage/Info.plist;
				IPHONEOS_DEPLOYMENT_TARGET = 9.0;
				LD_RUNPATH_SEARCH_PATHS = (
					"$(inherited)",
					"@executable_path/Frameworks",
				);
				PRODUCT_BUNDLE_IDENTIFIER = Alireza.MultiLanguage;
				PRODUCT_NAME = "$(TARGET_NAME)";
				SWIFT_VERSION = 5.0;
				TARGETED_DEVICE_FAMILY = "1,2";
			};
			name = Debug;
		};
		F60CD3F02466297B0065BAB7 /* Release */ = {
			isa = XCBuildConfiguration;
			buildSettings = {
				ASSETCATALOG_COMPILER_APPICON_NAME = AppIcon;
				CODE_SIGN_STYLE = Automatic;
				INFOPLIST_FILE = MultiLanguage/Info.plist;
				IPHONEOS_DEPLOYMENT_TARGET = 9.0;
				LD_RUNPATH_SEARCH_PATHS = (
					"$(inherited)",
					"@executable_path/Frameworks",
				);
				PRODUCT_BUNDLE_IDENTIFIER = Alireza.MultiLanguage;
				PRODUCT_NAME = "$(TARGET_NAME)";
				SWIFT_VERSION = 5.0;
				TARGETED_DEVICE_FAMILY = "1,2";
			};
			name = Release;
		};
/* End XCBuildConfiguration section */

/* Begin XCConfigurationList section */
		F60CD3D5246629790065BAB7 /* Build configuration list for PBXProject "MultiLanguage" */ = {
			isa = XCConfigurationList;
			buildConfigurations = (
				F60CD3EC2466297B0065BAB7 /* Debug */,
				F60CD3ED2466297B0065BAB7 /* Release */,
			);
			defaultConfigurationIsVisible = 0;
			defaultConfigurationName = Release;
		};
		F60CD3EE2466297B0065BAB7 /* Build configuration list for PBXNativeTarget "MultiLanguage" */ = {
			isa = XCConfigurationList;
			buildConfigurations = (
				F60CD3EF2466297B0065BAB7 /* Debug */,
				F60CD3F02466297B0065BAB7 /* Release */,
			);
			defaultConfigurationIsVisible = 0;
			defaultConfigurationName = Release;
		};
/* End XCConfigurationList section */
	};
	rootObject = F60CD3D2246629790065BAB7 /* Project object */;
}
